// !$*UTF8*$!
{
	archiveVersion = 1;
	classes = {
	};
	objectVersion = 50;
	objects = {

/* Begin PBXBuildFile section */
		F11A699A25F66C4F0057ABAC /* Mytabview.swift in Sources */ = {isa = PBXBuildFile; fileRef = F11A699925F66C4F0057ABAC /* Mytabview.swift */; };
		F11A699D25F66E5E0057ABAC /* MyView.swift in Sources */ = {isa = PBXBuildFile; fileRef = F11A699C25F66E5E0057ABAC /* MyView.swift */; };
		F11A69A025F671260057ABAC /* DiceView.swift in Sources */ = {isa = PBXBuildFile; fileRef = F11A699F25F671260057ABAC /* DiceView.swift */; };
		F1FA78F225F4EAEE0043051E /* ProjectHApp.swift in Sources */ = {isa = PBXBuildFile; fileRef = F1FA78F125F4EAEE0043051E /* ProjectHApp.swift */; };
		F1FA78F425F4EAEE0043051E /* ContentView.swift in Sources */ = {isa = PBXBuildFile; fileRef = F1FA78F325F4EAEE0043051E /* ContentView.swift */; };
		F1FA78F625F4EAEF0043051E /* Assets.xcassets in Resources */ = {isa = PBXBuildFile; fileRef = F1FA78F525F4EAEF0043051E /* Assets.xcassets */; };
		F1FA78F925F4EAEF0043051E /* Preview Assets.xcassets in Resources */ = {isa = PBXBuildFile; fileRef = F1FA78F825F4EAEF0043051E /* Preview Assets.xcassets */; };
		F1FA790225F4EB470043051E /* MyCard.swift in Sources */ = {isa = PBXBuildFile; fileRef = F1FA790125F4EB470043051E /* MyCard.swift */; };
		F1FA791125F4F3B70043051E /* MyBasicCard.swift in Sources */ = {isa = PBXBuildFile; fileRef = F1FA791025F4F3B70043051E /* MyBasicCard.swift */; };
		F1FA791525F4FA460043051E /* MeCard.swift in Sources */ = {isa = PBXBuildFile; fileRef = F1FA791425F4FA460043051E /* MeCard.swift */; };
		F1FA791925F4FE540043051E /* MyList.swift in Sources */ = {isa = PBXBuildFile; fileRef = F1FA791825F4FE540043051E /* MyList.swift */; };
/* End PBXBuildFile section */

/* Begin PBXFileReference section */
		F11A699925F66C4F0057ABAC /* Mytabview.swift */ = {isa = PBXFileReference; lastKnownFileType = sourcecode.swift; path = Mytabview.swift; sourceTree = "<group>"; };
		F11A699C25F66E5E0057ABAC /* MyView.swift */ = {isa = PBXFileReference; lastKnownFileType = sourcecode.swift; path = MyView.swift; sourceTree = "<group>"; };
		F11A699F25F671260057ABAC /* DiceView.swift */ = {isa = PBXFileReference; lastKnownFileType = sourcecode.swift; path = DiceView.swift; sourceTree = "<group>"; };
		F1FA78EE25F4EAEE0043051E /* ProjectH.app */ = {isa = PBXFileReference; explicitFileType = wrapper.application; includeInIndex = 0; path = ProjectH.app; sourceTree = BUILT_PRODUCTS_DIR; };
		F1FA78F125F4EAEE0043051E /* ProjectHApp.swift */ = {isa = PBXFileReference; lastKnownFileType = sourcecode.swift; path = ProjectHApp.swift; sourceTree = "<group>"; };
		F1FA78F325F4EAEE0043051E /* ContentView.swift */ = {isa = PBXFileReference; lastKnownFileType = sourcecode.swift; path = ContentView.swift; sourceTree = "<group>"; };
		F1FA78F525F4EAEF0043051E /* Assets.xcassets */ = {isa = PBXFileReference; lastKnownFileType = folder.assetcatalog; path = Assets.xcassets; sourceTree = "<group>"; };
		F1FA78F825F4EAEF0043051E /* Preview Assets.xcassets */ = {isa = PBXFileReference; lastKnownFileType = folder.assetcatalog; path = "Preview Assets.xcassets"; sourceTree = "<group>"; };
		F1FA78FA25F4EAEF0043051E /* Info.plist */ = {isa = PBXFileReference; lastKnownFileType = text.plist.xml; path = Info.plist; sourceTree = "<group>"; };
		F1FA790125F4EB470043051E /* MyCard.swift */ = {isa = PBXFileReference; lastKnownFileType = sourcecode.swift; path = MyCard.swift; sourceTree = "<group>"; };
		F1FA791025F4F3B70043051E /* MyBasicCard.swift */ = {isa = PBXFileReference; lastKnownFileType = sourcecode.swift; path = MyBasicCard.swift; sourceTree = "<group>"; };
		F1FA791425F4FA460043051E /* MeCard.swift */ = {isa = PBXFileReference; lastKnownFileType = sourcecode.swift; path = MeCard.swift; sourceTree = "<group>"; };
		F1FA791825F4FE540043051E /* MyList.swift */ = {isa = PBXFileReference; lastKnownFileType = sourcecode.swift; path = MyList.swift; sourceTree = "<group>"; };
/* End PBXFileReference section */

/* Begin PBXFrameworksBuildPhase section */
		F1FA78EB25F4EAEE0043051E /* Frameworks */ = {
			isa = PBXFrameworksBuildPhase;
			buildActionMask = 2147483647;
			files = (
			);
			runOnlyForDeploymentPostprocessing = 0;
		};
/* End PBXFrameworksBuildPhase section */

/* Begin PBXGroup section */
		F1FA78E525F4EAEE0043051E = {
			isa = PBXGroup;
			children = (
				F1FA78F025F4EAEE0043051E /* ProjectH */,
				F1FA78EF25F4EAEE0043051E /* Products */,
			);
			sourceTree = "<group>";
		};
		F1FA78EF25F4EAEE0043051E /* Products */ = {
			isa = PBXGroup;
			children = (
				F1FA78EE25F4EAEE0043051E /* ProjectH.app */,
			);
			name = Products;
			sourceTree = "<group>";
		};
		F1FA78F025F4EAEE0043051E /* ProjectH */ = {
			isa = PBXGroup;
			children = (
				F1FA78F125F4EAEE0043051E /* ProjectHApp.swift */,
				F1FA78F325F4EAEE0043051E /* ContentView.swift */,
				F11A699925F66C4F0057ABAC /* Mytabview.swift */,
				F11A699C25F66E5E0057ABAC /* MyView.swift */,
				F1FA790125F4EB470043051E /* MyCard.swift */,
				F1FA791825F4FE540043051E /* MyList.swift */,
				F11A699F25F671260057ABAC /* DiceView.swift */,
				F1FA791025F4F3B70043051E /* MyBasicCard.swift */,
				F1FA791425F4FA460043051E /* MeCard.swift */,
				F1FA78F525F4EAEF0043051E /* Assets.xcassets */,
				F1FA78FA25F4EAEF0043051E /* Info.plist */,
				F1FA78F725F4EAEF0043051E /* Preview Content */,
			);
			path = ProjectH;
			sourceTree = "<group>";
		};
		F1FA78F725F4EAEF0043051E /* Preview Content */ = {
			isa = PBXGroup;
			children = (
				F1FA78F825F4EAEF0043051E /* Preview Assets.xcassets */,
			);
			path = "Preview Content";
			sourceTree = "<group>";
		};
/* End PBXGroup section */

/* Begin PBXNativeTarget section */
		F1FA78ED25F4EAEE0043051E /* ProjectH */ = {
			isa = PBXNativeTarget;
			buildConfigurationList = F1FA78FD25F4EAEF0043051E /* Build configuration list for PBXNativeTarget "ProjectH" */;
			buildPhases = (
				F1FA78EA25F4EAEE0043051E /* Sources */,
				F1FA78EB25F4EAEE0043051E /* Frameworks */,
				F1FA78EC25F4EAEE0043051E /* Resources */,
			);
			buildRules = (
			);
			dependencies = (
			);
			name = ProjectH;
			productName = ProjectH;
			productReference = F1FA78EE25F4EAEE0043051E /* ProjectH.app */;
			productType = "com.apple.product-type.application";
		};
/* End PBXNativeTarget section */

/* Begin PBXProject section */
		F1FA78E625F4EAEE0043051E /* Project object */ = {
			isa = PBXProject;
			attributes = {
				LastSwiftUpdateCheck = 1240;
				LastUpgradeCheck = 1240;
				TargetAttributes = {
					F1FA78ED25F4EAEE0043051E = {
						CreatedOnToolsVersion = 12.4;
					};
				};
			};
			buildConfigurationList = F1FA78E925F4EAEE0043051E /* Build configuration list for PBXProject "ProjectH" */;
			compatibilityVersion = "Xcode 9.3";
			developmentRegion = en;
			hasScannedForEncodings = 0;
			knownRegions = (
				en,
				Base,
			);
			mainGroup = F1FA78E525F4EAEE0043051E;
			productRefGroup = F1FA78EF25F4EAEE0043051E /* Products */;
			projectDirPath = "";
			projectRoot = "";
			targets = (
				F1FA78ED25F4EAEE0043051E /* ProjectH */,
			);
		};
/* End PBXProject section */

/* Begin PBXResourcesBuildPhase section */
		F1FA78EC25F4EAEE0043051E /* Resources */ = {
			isa = PBXResourcesBuildPhase;
			buildActionMask = 2147483647;
			files = (
				F1FA78F925F4EAEF0043051E /* Preview Assets.xcassets in Resources */,
				F1FA78F625F4EAEF0043051E /* Assets.xcassets in Resources */,
			);
			runOnlyForDeploymentPostprocessing = 0;
		};
/* End PBXResourcesBuildPhase section */

/* Begin PBXSourcesBuildPhase section */
		F1FA78EA25F4EAEE0043051E /* Sources */ = {
			isa = PBXSourcesBuildPhase;
			buildActionMask = 2147483647;
			files = (
				F11A699D25F66E5E0057ABAC /* MyView.swift in Sources */,
				F11A69A025F671260057ABAC /* DiceView.swift in Sources */,
				F1FA78F425F4EAEE0043051E /* ContentView.swift in Sources */,
				F1FA791525F4FA460043051E /* MeCard.swift in Sources */,
				F1FA78F225F4EAEE0043051E /* ProjectHApp.swift in Sources */,
				F1FA791125F4F3B70043051E /* MyBasicCard.swift in Sources */,
				F1FA790225F4EB470043051E /* MyCard.swift in Sources */,
				F11A699A25F66C4F0057ABAC /* Mytabview.swift in Sources */,
				F1FA791925F4FE540043051E /* MyList.swift in Sources */,
			);
			runOnlyForDeploymentPostprocessing = 0;
		};
/* End PBXSourcesBuildPhase section */

/* Begin XCBuildConfiguration section */
		F1FA78FB25F4EAEF0043051E /* Debug */ = {
			isa = XCBuildConfiguration;
			buildSettings = {
				ALWAYS_SEARCH_USER_PATHS = NO;
				CLANG_ANALYZER_NONNULL = YES;
				CLANG_ANALYZER_NUMBER_OBJECT_CONVERSION = YES_AGGRESSIVE;
				CLANG_CXX_LANGUAGE_STANDARD = "gnu++14";
				CLANG_CXX_LIBRARY = "libc++";
				CLANG_ENABLE_MODULES = YES;
				CLANG_ENABLE_OBJC_ARC = YES;
				CLANG_ENABLE_OBJC_WEAK = YES;
				CLANG_WARN_BLOCK_CAPTURE_AUTORELEASING = YES;
				CLANG_WARN_BOOL_CONVERSION = YES;
				CLANG_WARN_COMMA = YES;
				CLANG_WARN_CONSTANT_CONVERSION = YES;
				CLANG_WARN_DEPRECATED_OBJC_IMPLEMENTATIONS = YES;
				CLANG_WARN_DIRECT_OBJC_ISA_USAGE = YES_ERROR;
				CLANG_WARN_DOCUMENTATION_COMMENTS = YES;
				CLANG_WARN_EMPTY_BODY = YES;
				CLANG_WARN_ENUM_CONVERSION = YES;
				CLANG_WARN_INFINITE_RECURSION = YES;
				CLANG_WARN_INT_CONVERSION = YES;
				CLANG_WARN_NON_LITERAL_NULL_CONVERSION = YES;
				CLANG_WARN_OBJC_IMPLICIT_RETAIN_SELF = YES;
				CLANG_WARN_OBJC_LITERAL_CONVERSION = YES;
				CLANG_WARN_OBJC_ROOT_CLASS = YES_ERROR;
				CLANG_WARN_QUOTED_INCLUDE_IN_FRAMEWORK_HEADER = YES;
				CLANG_WARN_RANGE_LOOP_ANALYSIS = YES;
				CLANG_WARN_STRICT_PROTOTYPES = YES;
				CLANG_WARN_SUSPICIOUS_MOVE = YES;
				CLANG_WARN_UNGUARDED_AVAILABILITY = YES_AGGRESSIVE;
				CLANG_WARN_UNREACHABLE_CODE = YES;
				CLANG_WARN__DUPLICATE_METHOD_MATCH = YES;
				COPY_PHASE_STRIP = NO;
				DEBUG_INFORMATION_FORMAT = dwarf;
				ENABLE_STRICT_OBJC_MSGSEND = YES;
				ENABLE_TESTABILITY = YES;
				GCC_C_LANGUAGE_STANDARD = gnu11;
				GCC_DYNAMIC_NO_PIC = NO;
				GCC_NO_COMMON_BLOCKS = YES;
				GCC_OPTIMIZATION_LEVEL = 0;
				GCC_PREPROCESSOR_DEFINITIONS = (
					"DEBUG=1",
					"$(inherited)",
				);
				GCC_WARN_64_TO_32_BIT_CONVERSION = YES;
				GCC_WARN_ABOUT_RETURN_TYPE = YES_ERROR;
				GCC_WARN_UNDECLARED_SELECTOR = YES;
				GCC_WARN_UNINITIALIZED_AUTOS = YES_AGGRESSIVE;
				GCC_WARN_UNUSED_FUNCTION = YES;
				GCC_WARN_UNUSED_VARIABLE = YES;
				IPHONEOS_DEPLOYMENT_TARGET = 14.4;
				MTL_ENABLE_DEBUG_INFO = INCLUDE_SOURCE;
				MTL_FAST_MATH = YES;
				ONLY_ACTIVE_ARCH = YES;
				SDKROOT = iphoneos;
				SWIFT_ACTIVE_COMPILATION_CONDITIONS = DEBUG;
				SWIFT_OPTIMIZATION_LEVEL = "-Onone";
			};
			name = Debug;
		};
		F1FA78FC25F4EAEF0043051E /* Release */ = {
			isa = XCBuildConfiguration;
			buildSettings = {
				ALWAYS_SEARCH_USER_PATHS = NO;
				CLANG_ANALYZER_NONNULL = YES;
				CLANG_ANALYZER_NUMBER_OBJECT_CONVERSION = YES_AGGRESSIVE;
				CLANG_CXX_LANGUAGE_STANDARD = "gnu++14";
				CLANG_CXX_LIBRARY = "libc++";
				CLANG_ENABLE_MODULES = YES;
				CLANG_ENABLE_OBJC_ARC = YES;
				CLANG_ENABLE_OBJC_WEAK = YES;
				CLANG_WARN_BLOCK_CAPTURE_AUTORELEASING = YES;
				CLANG_WARN_BOOL_CONVERSION = YES;
				CLANG_WARN_COMMA = YES;
				CLANG_WARN_CONSTANT_CONVERSION = YES;
				CLANG_WARN_DEPRECATED_OBJC_IMPLEMENTATIONS = YES;
				CLANG_WARN_DIRECT_OBJC_ISA_USAGE = YES_ERROR;
				CLANG_WARN_DOCUMENTATION_COMMENTS = YES;
				CLANG_WARN_EMPTY_BODY = YES;
				CLANG_WARN_ENUM_CONVERSION = YES;
				CLANG_WARN_INFINITE_RECURSION = YES;
				CLANG_WARN_INT_CONVERSION = YES;
				CLANG_WARN_NON_LITERAL_NULL_CONVERSION = YES;
				CLANG_WARN_OBJC_IMPLICIT_RETAIN_SELF = YES;
				CLANG_WARN_OBJC_LITERAL_CONVERSION = YES;
				CLANG_WARN_OBJC_ROOT_CLASS = YES_ERROR;
				CLANG_WARN_QUOTED_INCLUDE_IN_FRAMEWORK_HEADER = YES;
				CLANG_WARN_RANGE_LOOP_ANALYSIS = YES;
				CLANG_WARN_STRICT_PROTOTYPES = YES;
				CLANG_WARN_SUSPICIOUS_MOVE = YES;
				CLANG_WARN_UNGUARDED_AVAILABILITY = YES_AGGRESSIVE;
				CLANG_WARN_UNREACHABLE_CODE = YES;
				CLANG_WARN__DUPLICATE_METHOD_MATCH = YES;
				COPY_PHASE_STRIP = NO;
				DEBUG_INFORMATION_FORMAT = "dwarf-with-dsym";
				ENABLE_NS_ASSERTIONS = NO;
				ENABLE_STRICT_OBJC_MSGSEND = YES;
				GCC_C_LANGUAGE_STANDARD = gnu11;
				GCC_NO_COMMON_BLOCKS = YES;
				GCC_WARN_64_TO_32_BIT_CONVERSION = YES;
				GCC_WARN_ABOUT_RETURN_TYPE = YES_ERROR;
				GCC_WARN_UNDECLARED_SELECTOR = YES;
				GCC_WARN_UNINITIALIZED_AUTOS = YES_AGGRESSIVE;
				GCC_WARN_UNUSED_FUNCTION = YES;
				GCC_WARN_UNUSED_VARIABLE = YES;
				IPHONEOS_DEPLOYMENT_TARGET = 14.4;
				MTL_ENABLE_DEBUG_INFO = NO;
				MTL_FAST_MATH = YES;
				SDKROOT = iphoneos;
				SWIFT_COMPILATION_MODE = wholemodule;
				SWIFT_OPTIMIZATION_LEVEL = "-O";
				VALIDATE_PRODUCT = YES;
			};
			name = Release;
		};
		F1FA78FE25F4EAEF0043051E /* Debug */ = {
			isa = XCBuildConfiguration;
			buildSettings = {
				ASSETCATALOG_COMPILER_APPICON_NAME = AppIcon;
				ASSETCATALOG_COMPILER_GLOBAL_ACCENT_COLOR_NAME = AccentColor;
				CODE_SIGN_STYLE = Automatic;
				DEVELOPMENT_ASSET_PATHS = "\"ProjectH/Preview Content\"";
				ENABLE_PREVIEWS = YES;
				INFOPLIST_FILE = ProjectH/Info.plist;
				IPHONEOS_DEPLOYMENT_TARGET = 14.0;
				LD_RUNPATH_SEARCH_PATHS = (
					"$(inherited)",
					"@executable_path/Frameworks",
				);
				PRODUCT_BUNDLE_IDENTIFIER = ezdrg.ProjectH;
				PRODUCT_NAME = "$(TARGET_NAME)";
				SWIFT_VERSION = 5.0;
				TARGETED_DEVICE_FAMILY = "1,2";
			};
			name = Debug;
		};
		F1FA78FF25F4EAEF0043051E /* Release */ = {
			isa = XCBuildConfiguration;
			buildSettings = {
				ASSETCATALOG_COMPILER_APPICON_NAME = AppIcon;
				ASSETCATALOG_COMPILER_GLOBAL_ACCENT_COLOR_NAME = AccentColor;
				CODE_SIGN_STYLE = Automatic;
				DEVELOPMENT_ASSET_PATHS = "\"ProjectH/Preview Content\"";
				ENABLE_PREVIEWS = YES;
				INFOPLIST_FILE = ProjectH/Info.plist;
				IPHONEOS_DEPLOYMENT_TARGET = 14.0;
				LD_RUNPATH_SEARCH_PATHS = (
					"$(inherited)",
					"@executable_path/Frameworks",
				);
				PRODUCT_BUNDLE_IDENTIFIER = ezdrg.ProjectH;
				PRODUCT_NAME = "$(TARGET_NAME)";
				SWIFT_VERSION = 5.0;
				TARGETED_DEVICE_FAMILY = "1,2";
			};
			name = Release;
		};
/* End XCBuildConfiguration section */

/* Begin XCConfigurationList section */
		F1FA78E925F4EAEE0043051E /* Build configuration list for PBXProject "ProjectH" */ = {
			isa = XCConfigurationList;
			buildConfigurations = (
				F1FA78FB25F4EAEF0043051E /* Debug */,
				F1FA78FC25F4EAEF0043051E /* Release */,
			);
			defaultConfigurationIsVisible = 0;
			defaultConfigurationName = Release;
		};
		F1FA78FD25F4EAEF0043051E /* Build configuration list for PBXNativeTarget "ProjectH" */ = {
			isa = XCConfigurationList;
			buildConfigurations = (
				F1FA78FE25F4EAEF0043051E /* Debug */,
				F1FA78FF25F4EAEF0043051E /* Release */,
			);
			defaultConfigurationIsVisible = 0;
			defaultConfigurationName = Release;
		};
/* End XCConfigurationList section */
	};
	rootObject = F1FA78E625F4EAEE0043051E /* Project object */;
}
